PODS:
  - M2MediaLoader (0.1.1)
  - Nimble (9.0.0-rc.3)
  - Quick (3.0.0)

DEPENDENCIES:
  - M2MediaLoader (from `../`)
  - Nimble (~> 9.0.0-rc.3)
  - Quick (~> 3.0.0)

SPEC REPOS:
  trunk:
    - Nimble
    - Quick

EXTERNAL SOURCES:
  M2MediaLoader:
    :path: "../"

SPEC CHECKSUMS:
  M2MediaLoader: 6ba8d6dac2b8e242e7c1af7e78e82a9b06af1f1d
  Nimble: 1b5fa99320d0d87ed72bb0add38dc696aa77f556
  Quick: 6d9559f40647bc4d510103842ef2fdd882d753e2

PODFILE CHECKSUM: 7a20aa91aecc7695e0ad96801ef3cf87d0e0b98e

COCOAPODS: 1.9.3
